
Microsoft Visual Studio Solution File, Format Version 12.00
# Visual Studio Version 16
VisualStudioVersion = 16.0.29911.84
MinimumVisualStudioVersion = 10.0.40219.1
Project("{888888A0-9F3D-457C-B088-3A5042F75D52}") = "TSPlab4", "TSPlab4\TSPlab4.pyproj", "{38499874-28BC-40CF-8DE3-DD0D738940A8}"
EndProject
Project("{2150E333-8FDC-42A3-9474-1A3956D46DE8}") = "Solution Items", "Solution Items", "{97192ED2-AA88-4832-A5DC-24D90B7485FA}"
EndProject
Global
	GlobalSection(SolutionConfigurationPlatforms) = preSolution
		Debug|Any CPU = Debug|Any CPU
		Release|Any CPU = Release|Any CPU
	EndGlobalSection
	GlobalSection(ProjectConfigurationPlatforms) = postSolution
		{38499874-28BC-40CF-8DE3-DD0D738940A8}.Debug|Any CPU.ActiveCfg = Debug|Any CPU
		{38499874-28BC-40CF-8DE3-DD0D738940A8}.Release|Any CPU.ActiveCfg = Release|Any CPU
	EndGlobalSection
	GlobalSection(SolutionProperties) = preSolution
		HideSolutionNode = FALSE
	EndGlobalSection
	GlobalSection(ExtensibilityGlobals) = postSolution
		SolutionGuid = {821AA417-2951-44A8-82FF-A3642F7CD852}
	EndGlobalSection
EndGlobal
